{
  "name": "@fateforge/kibana-cli",
  "version": "1.1.14",
  "lockfileVersion": 3,
  "requires": true,
  "packages": {
    "": {
      "name": "@fateforge/kibana-cli",
      "version": "1.1.14",
      "license": "MIT",
      "bin": {
        "kibana-cli": "scripts/run.js"
      },
      "engines": {
        "node": ">=16"
      },
      "optionalDependencies": {
        "@fateforge/kibana-cli-darwin-arm64": "1.1.14",
        "@fateforge/kibana-cli-darwin-x64": "1.1.14",
        "@fateforge/kibana-cli-linux-arm64": "1.1.14",
        "@fateforge/kibana-cli-linux-x64": "1.1.14",
        "@fateforge/kibana-cli-win32-arm64": "1.1.14",
        "@fateforge/kibana-cli-win32-x64": "1.1.14"
      }
    },
    "node_modules/@fateforge/kibana-cli-darwin-arm64": {
      "optional": true,
      "version": "1.1.14"
    },
    "node_modules/@fateforge/kibana-cli-darwin-x64": {
      "optional": true,
      "version": "1.1.14"
    },
    "node_modules/@fateforge/kibana-cli-linux-arm64": {
      "optional": true,
      "version": "1.1.14"
    },
    "node_modules/@fateforge/kibana-cli-linux-x64": {
      "optional": true,
      "version": "1.1.14"
    },
    "node_modules/@fateforge/kibana-cli-win32-arm64": {
      "optional": true,
      "version": "1.1.14"
    },
    "node_modules/@fateforge/kibana-cli-win32-x64": {
      "optional": true,
      "version": "1.1.14"
    }
  }
}
