{
  "name": "@fatecannotbealtered-/kibana-cli",
  "version": "1.1.1",
  "lockfileVersion": 3,
  "requires": true,
  "packages": {
    "": {
      "name": "@fatecannotbealtered-/kibana-cli",
      "version": "1.1.1",
      "license": "MIT",
      "bin": {
        "kibana-cli": "scripts/run.js"
      },
      "engines": {
        "node": ">=16"
      },
      "optionalDependencies": {
        "@fatecannotbealtered-/kibana-cli-darwin-arm64": "1.1.1",
        "@fatecannotbealtered-/kibana-cli-darwin-x64": "1.1.1",
        "@fatecannotbealtered-/kibana-cli-linux-arm64": "1.1.1",
        "@fatecannotbealtered-/kibana-cli-linux-x64": "1.1.1",
        "@fatecannotbealtered-/kibana-cli-win32-arm64": "1.1.1",
        "@fatecannotbealtered-/kibana-cli-win32-x64": "1.1.1"
      }
    },
    "node_modules/@fatecannotbealtered-/kibana-cli-darwin-arm64": {
      "optional": true
    },
    "node_modules/@fatecannotbealtered-/kibana-cli-darwin-x64": {
      "optional": true
    },
    "node_modules/@fatecannotbealtered-/kibana-cli-linux-arm64": {
      "optional": true
    },
    "node_modules/@fatecannotbealtered-/kibana-cli-linux-x64": {
      "optional": true
    },
    "node_modules/@fatecannotbealtered-/kibana-cli-win32-arm64": {
      "optional": true
    },
    "node_modules/@fatecannotbealtered-/kibana-cli-win32-x64": {
      "optional": true
    }
  }
}
